{
    "_meta": {
        "hash": {
            "sha256": "8180c3ce5d0a00149fc50bbf42015d50afb38c109490ca511acdd27caabc27a8"
        },
        "pipfile-spec": 6,
        "requires": {
            "python_version": "3.7"
        },
        "sources": [
            {
                "name": "pypi",
                "url": "https://pypi.org/simple",
                "verify_ssl": true
            }
        ]
    },
    "default": {
        "rx": {
            "hashes": [
                "sha256:aaf409848e24dd514926eb8467e2764762bfd258325717fca4628d32d8721252"
            ],
            "index": "pypi",
            "version": "==3.1.0"
        }
    },
    "develop": {}
}
